
Microsoft Visual Studio Solution File, Format Version 12.00
# Visual Studio Version 17
VisualStudioVersion = 17.8.34511.84
MinimumVisualStudioVersion = 10.0.40219.1
Project("{9A19103F-16F7-4668-BE54-9A1E7A4F7556}") = "Prot_MedProj", "Prot_MedProj\Prot_MedProj.csproj", "{87F6DAE6-365A-4FC3-8E3D-0ECFB2705B23}"
EndProject
Project("{9A19103F-16F7-4668-BE54-9A1E7A4F7556}") = "ControlsLib", "WinFormsControlLibrary1\ControlsLib.csproj", "{EACD8117-E919-4F3D-A8AE-E65CEDB47E24}"
EndProject
Global
	GlobalSection(SolutionConfigurationPlatforms) = preSolution
		Debug|Any CPU = Debug|Any CPU
		Debug|x64 = Debug|x64
		Release|Any CPU = Release|Any CPU
		Release|x64 = Release|x64
	EndGlobalSection
	GlobalSection(ProjectConfigurationPlatforms) = postSolution
		{87F6DAE6-365A-4FC3-8E3D-0ECFB2705B23}.Debug|Any CPU.ActiveCfg = Debug|Any CPU
		{87F6DAE6-365A-4FC3-8E3D-0ECFB2705B23}.Debug|Any CPU.Build.0 = Debug|Any CPU
		{87F6DAE6-365A-4FC3-8E3D-0ECFB2705B23}.Debug|x64.ActiveCfg = Debug|x64
		{87F6DAE6-365A-4FC3-8E3D-0ECFB2705B23}.Debug|x64.Build.0 = Debug|x64
		{87F6DAE6-365A-4FC3-8E3D-0ECFB2705B23}.Release|Any CPU.ActiveCfg = Release|Any CPU
		{87F6DAE6-365A-4FC3-8E3D-0ECFB2705B23}.Release|Any CPU.Build.0 = Release|Any CPU
		{87F6DAE6-365A-4FC3-8E3D-0ECFB2705B23}.Release|x64.ActiveCfg = Release|x64
		{87F6DAE6-365A-4FC3-8E3D-0ECFB2705B23}.Release|x64.Build.0 = Release|x64
		{EACD8117-E919-4F3D-A8AE-E65CEDB47E24}.Debug|Any CPU.ActiveCfg = Debug|Any CPU
		{EACD8117-E919-4F3D-A8AE-E65CEDB47E24}.Debug|x64.ActiveCfg = Debug|x64
		{EACD8117-E919-4F3D-A8AE-E65CEDB47E24}.Release|Any CPU.ActiveCfg = Release|Any CPU
		{EACD8117-E919-4F3D-A8AE-E65CEDB47E24}.Release|Any CPU.Build.0 = Release|Any CPU
		{EACD8117-E919-4F3D-A8AE-E65CEDB47E24}.Release|x64.ActiveCfg = Release|x64
	EndGlobalSection
	GlobalSection(SolutionProperties) = preSolution
		HideSolutionNode = FALSE
	EndGlobalSection
	GlobalSection(ExtensibilityGlobals) = postSolution
		SolutionGuid = {F29A2E34-B4D0-42C8-B2BC-422880013F3E}
	EndGlobalSection
EndGlobal
